// !$*UTF8*$!
{
	archiveVersion = 1;
	classes = {
	};
	objectVersion = 46;
	objects = {

/* Begin PBXBuildFile section */
		3335ACC71E407CC700C0CC22 /* main.m in Sources */ = {isa = PBXBuildFile; fileRef = 3335ACC61E407CC700C0CC22 /* main.m */; };
		3335ACCF1E407CF000C0CC22 /* Calculator.m in Sources */ = {isa = PBXBuildFile; fileRef = 3335ACCE1E407CF000C0CC22 /* Calculator.m */; };
/* End PBXBuildFile section */

/* Begin PBXCopyFilesBuildPhase section */
		3335ACC11E407CC700C0CC22 /* CopyFiles */ = {
			isa = PBXCopyFilesBuildPhase;
			buildActionMask = 2147483647;
			dstPath = /usr/share/man/man1/;
			dstSubfolderSpec = 0;
			files = (
			);
			runOnlyForDeploymentPostprocessing = 1;
		};
/* End PBXCopyFilesBuildPhase section */

/* Begin PBXFileReference section */
		3335ACC31E407CC700C0CC22 /* 170131 - 2 LastDayOfMonth */ = {isa = PBXFileReference; explicitFileType = "compiled.mach-o.executable"; includeInIndex = 0; path = "170131 - 2 LastDayOfMonth"; sourceTree = BUILT_PRODUCTS_DIR; };
		3335ACC61E407CC700C0CC22 /* main.m */ = {isa = PBXFileReference; lastKnownFileType = sourcecode.c.objc; path = main.m; sourceTree = "<group>"; };
		3335ACCD1E407CF000C0CC22 /* Calculator.h */ = {isa = PBXFileReference; fileEncoding = 4; lastKnownFileType = sourcecode.c.h; path = Calculator.h; sourceTree = "<group>"; };
		3335ACCE1E407CF000C0CC22 /* Calculator.m */ = {isa = PBXFileReference; fileEncoding = 4; lastKnownFileType = sourcecode.c.objc; path = Calculator.m; sourceTree = "<group>"; };
/* End PBXFileReference section */

/* Begin PBXFrameworksBuildPhase section */
		3335ACC01E407CC700C0CC22 /* Frameworks */ = {
			isa = PBXFrameworksBuildPhase;
			buildActionMask = 2147483647;
			files = (
			);
			runOnlyForDeploymentPostprocessing = 0;
		};
/* End PBXFrameworksBuildPhase section */

/* Begin PBXGroup section */
		3335ACBA1E407CC700C0CC22 = {
			isa = PBXGroup;
			children = (
				3335ACC51E407CC700C0CC22 /* 170131 - 2 LastDayOfMonth */,
				3335ACC41E407CC700C0CC22 /* Products */,
			);
			sourceTree = "<group>";
		};
		3335ACC41E407CC700C0CC22 /* Products */ = {
			isa = PBXGroup;
			children = (
				3335ACC31E407CC700C0CC22 /* 170131 - 2 LastDayOfMonth */,
			);
			name = Products;
			sourceTree = "<group>";
		};
		3335ACC51E407CC700C0CC22 /* 170131 - 2 LastDayOfMonth */ = {
			isa = PBXGroup;
			children = (
				3335ACC61E407CC700C0CC22 /* main.m */,
				3335ACCD1E407CF000C0CC22 /* Calculator.h */,
				3335ACCE1E407CF000C0CC22 /* Calculator.m */,
			);
			path = "170131 - 2 LastDayOfMonth";
			sourceTree = "<group>";
		};
/* End PBXGroup section */

/* Begin PBXNativeTarget section */
		3335ACC21E407CC700C0CC22 /* 170131 - 2 LastDayOfMonth */ = {
			isa = PBXNativeTarget;
			buildConfigurationList = 3335ACCA1E407CC700C0CC22 /* Build configuration list for PBXNativeTarget "170131 - 2 LastDayOfMonth" */;
			buildPhases = (
				3335ACBF1E407CC700C0CC22 /* Sources */,
				3335ACC01E407CC700C0CC22 /* Frameworks */,
				3335ACC11E407CC700C0CC22 /* CopyFiles */,
			);
			buildRules = (
			);
			dependencies = (
			);
			name = "170131 - 2 LastDayOfMonth";
			productName = "170131 - 2 LastDayOfMonth";
			productReference = 3335ACC31E407CC700C0CC22 /* 170131 - 2 LastDayOfMonth */;
			productType = "com.apple.product-type.tool";
		};
/* End PBXNativeTarget section */

/* Begin PBXProject section */
		3335ACBB1E407CC700C0CC22 /* Project object */ = {
			isa = PBXProject;
			attributes = {
				LastUpgradeCheck = 0820;
				ORGANIZATIONNAME = noName;
				TargetAttributes = {
					3335ACC21E407CC700C0CC22 = {
						CreatedOnToolsVersion = 8.2.1;
						ProvisioningStyle = Automatic;
					};
				};
			};
			buildConfigurationList = 3335ACBE1E407CC700C0CC22 /* Build configuration list for PBXProject "170131 - 2 LastDayOfMonth" */;
			compatibilityVersion = "Xcode 3.2";
			developmentRegion = English;
			hasScannedForEncodings = 0;
			knownRegions = (
				en,
			);
			mainGroup = 3335ACBA1E407CC700C0CC22;
			productRefGroup = 3335ACC41E407CC700C0CC22 /* Products */;
			projectDirPath = "";
			projectRoot = "";
			targets = (
				3335ACC21E407CC700C0CC22 /* 170131 - 2 LastDayOfMonth */,
			);
		};
/* End PBXProject section */

/* Begin PBXSourcesBuildPhase section */
		3335ACBF1E407CC700C0CC22 /* Sources */ = {
			isa = PBXSourcesBuildPhase;
			buildActionMask = 2147483647;
			files = (
				3335ACC71E407CC700C0CC22 /* main.m in Sources */,
				3335ACCF1E407CF000C0CC22 /* Calculator.m in Sources */,
			);
			runOnlyForDeploymentPostprocessing = 0;
		};
/* End PBXSourcesBuildPhase section */

/* Begin XCBuildConfiguration section */
		3335ACC81E407CC700C0CC22 /* Debug */ = {
			isa = XCBuildConfiguration;
			buildSettings = {
				ALWAYS_SEARCH_USER_PATHS = NO;
				CLANG_ANALYZER_NONNULL = YES;
				CLANG_CXX_LANGUAGE_STANDARD = "gnu++0x";
				CLANG_CXX_LIBRARY = "libc++";
				CLANG_ENABLE_MODULES = YES;
				CLANG_ENABLE_OBJC_ARC = YES;
				CLANG_WARN_BOOL_CONVERSION = YES;
				CLANG_WARN_CONSTANT_CONVERSION = YES;
				CLANG_WARN_DIRECT_OBJC_ISA_USAGE = YES_ERROR;
				CLANG_WARN_DOCUMENTATION_COMMENTS = YES;
				CLANG_WARN_EMPTY_BODY = YES;
				CLANG_WARN_ENUM_CONVERSION = YES;
				CLANG_WARN_INFINITE_RECURSION = YES;
				CLANG_WARN_INT_CONVERSION = YES;
				CLANG_WARN_OBJC_ROOT_CLASS = YES_ERROR;
				CLANG_WARN_SUSPICIOUS_MOVE = YES;
				CLANG_WARN_UNREACHABLE_CODE = YES;
				CLANG_WARN__DUPLICATE_METHOD_MATCH = YES;
				CODE_SIGN_IDENTITY = "-";
				COPY_PHASE_STRIP = NO;
				DEBUG_INFORMATION_FORMAT = dwarf;
				ENABLE_STRICT_OBJC_MSGSEND = YES;
				ENABLE_TESTABILITY = YES;
				GCC_C_LANGUAGE_STANDARD = gnu99;
				GCC_DYNAMIC_NO_PIC = NO;
				GCC_NO_COMMON_BLOCKS = YES;
				GCC_OPTIMIZATION_LEVEL = 0;
				GCC_PREPROCESSOR_DEFINITIONS = (
					"DEBUG=1",
					"$(inherited)",
				);
				GCC_WARN_64_TO_32_BIT_CONVERSION = YES;
				GCC_WARN_ABOUT_RETURN_TYPE = YES_ERROR;
				GCC_WARN_UNDECLARED_SELECTOR = YES;
				GCC_WARN_UNINITIALIZED_AUTOS = YES_AGGRESSIVE;
				GCC_WARN_UNUSED_FUNCTION = YES;
				GCC_WARN_UNUSED_VARIABLE = YES;
				MACOSX_DEPLOYMENT_TARGET = 10.12;
				MTL_ENABLE_DEBUG_INFO = YES;
				ONLY_ACTIVE_ARCH = YES;
				SDKROOT = macosx;
			};
			name = Debug;
		};
		3335ACC91E407CC700C0CC22 /* Release */ = {
			isa = XCBuildConfiguration;
			buildSettings = {
				ALWAYS_SEARCH_USER_PATHS = NO;
				CLANG_ANALYZER_NONNULL = YES;
				CLANG_CXX_LANGUAGE_STANDARD = "gnu++0x";
				CLANG_CXX_LIBRARY = "libc++";
				CLANG_ENABLE_MODULES = YES;
				CLANG_ENABLE_OBJC_ARC = YES;
				CLANG_WARN_BOOL_CONVERSION = YES;
				CLANG_WARN_CONSTANT_CONVERSION = YES;
				CLANG_WARN_DIRECT_OBJC_ISA_USAGE = YES_ERROR;
				CLANG_WARN_DOCUMENTATION_COMMENTS = YES;
				CLANG_WARN_EMPTY_BODY = YES;
				CLANG_WARN_ENUM_CONVERSION = YES;
				CLANG_WARN_INFINITE_RECURSION = YES;
				CLANG_WARN_INT_CONVERSION = YES;
				CLANG_WARN_OBJC_ROOT_CLASS = YES_ERROR;
				CLANG_WARN_SUSPICIOUS_MOVE = YES;
				CLANG_WARN_UNREACHABLE_CODE = YES;
				CLANG_WARN__DUPLICATE_METHOD_MATCH = YES;
				CODE_SIGN_IDENTITY = "-";
				COPY_PHASE_STRIP = NO;
				DEBUG_INFORMATION_FORMAT = "dwarf-with-dsym";
				ENABLE_NS_ASSERTIONS = NO;
				ENABLE_STRICT_OBJC_MSGSEND = YES;
				GCC_C_LANGUAGE_STANDARD = gnu99;
				GCC_NO_COMMON_BLOCKS = YES;
				GCC_WARN_64_TO_32_BIT_CONVERSION = YES;
				GCC_WARN_ABOUT_RETURN_TYPE = YES_ERROR;
				GCC_WARN_UNDECLARED_SELECTOR = YES;
				GCC_WARN_UNINITIALIZED_AUTOS = YES_AGGRESSIVE;
				GCC_WARN_UNUSED_FUNCTION = YES;
				GCC_WARN_UNUSED_VARIABLE = YES;
				MACOSX_DEPLOYMENT_TARGET = 10.12;
				MTL_ENABLE_DEBUG_INFO = NO;
				SDKROOT = macosx;
			};
			name = Release;
		};
		3335ACCB1E407CC700C0CC22 /* Debug */ = {
			isa = XCBuildConfiguration;
			buildSettings = {
				PRODUCT_NAME = "$(TARGET_NAME)";
			};
			name = Debug;
		};
		3335ACCC1E407CC700C0CC22 /* Release */ = {
			isa = XCBuildConfiguration;
			buildSettings = {
				PRODUCT_NAME = "$(TARGET_NAME)";
			};
			name = Release;
		};
/* End XCBuildConfiguration section */

/* Begin XCConfigurationList section */
		3335ACBE1E407CC700C0CC22 /* Build configuration list for PBXProject "170131 - 2 LastDayOfMonth" */ = {
			isa = XCConfigurationList;
			buildConfigurations = (
				3335ACC81E407CC700C0CC22 /* Debug */,
				3335ACC91E407CC700C0CC22 /* Release */,
			);
			defaultConfigurationIsVisible = 0;
			defaultConfigurationName = Release;
		};
		3335ACCA1E407CC700C0CC22 /* Build configuration list for PBXNativeTarget "170131 - 2 LastDayOfMonth" */ = {
			isa = XCConfigurationList;
			buildConfigurations = (
				3335ACCB1E407CC700C0CC22 /* Debug */,
				3335ACCC1E407CC700C0CC22 /* Release */,
			);
			defaultConfigurationIsVisible = 0;
		};
/* End XCConfigurationList section */
	};
	rootObject = 3335ACBB1E407CC700C0CC22 /* Project object */;
}
