// !$*UTF8*$!
{
	archiveVersion = 1;
	classes = {
	};
	objectVersion = 46;
	objects = {

/* Begin PBXBuildFile section */
		33377B021E30626B007304B9 /* main.m in Sources */ = {isa = PBXBuildFile; fileRef = 33377B011E30626B007304B9 /* main.m */; };
		33377B0A1E30628A007304B9 /* Person.m in Sources */ = {isa = PBXBuildFile; fileRef = 33377B091E30628A007304B9 /* Person.m */; };
		33377B0D1E306297007304B9 /* Student.m in Sources */ = {isa = PBXBuildFile; fileRef = 33377B0C1E306297007304B9 /* Student.m */; };
		33377B101E3062CA007304B9 /* UniversityStudent.m in Sources */ = {isa = PBXBuildFile; fileRef = 33377B0F1E3062CA007304B9 /* UniversityStudent.m */; };
/* End PBXBuildFile section */

/* Begin PBXCopyFilesBuildPhase section */
		33377AFC1E30626B007304B9 /* CopyFiles */ = {
			isa = PBXCopyFilesBuildPhase;
			buildActionMask = 2147483647;
			dstPath = /usr/share/man/man1/;
			dstSubfolderSpec = 0;
			files = (
			);
			runOnlyForDeploymentPostprocessing = 1;
		};
/* End PBXCopyFilesBuildPhase section */

/* Begin PBXFileReference section */
		33377AFE1E30626B007304B9 /* 170119 - PersonStudent */ = {isa = PBXFileReference; explicitFileType = "compiled.mach-o.executable"; includeInIndex = 0; path = "170119 - PersonStudent"; sourceTree = BUILT_PRODUCTS_DIR; };
		33377B011E30626B007304B9 /* main.m */ = {isa = PBXFileReference; lastKnownFileType = sourcecode.c.objc; path = main.m; sourceTree = "<group>"; };
		33377B081E30628A007304B9 /* Person.h */ = {isa = PBXFileReference; fileEncoding = 4; lastKnownFileType = sourcecode.c.h; path = Person.h; sourceTree = "<group>"; };
		33377B091E30628A007304B9 /* Person.m */ = {isa = PBXFileReference; fileEncoding = 4; lastKnownFileType = sourcecode.c.objc; path = Person.m; sourceTree = "<group>"; };
		33377B0B1E306297007304B9 /* Student.h */ = {isa = PBXFileReference; fileEncoding = 4; lastKnownFileType = sourcecode.c.h; path = Student.h; sourceTree = "<group>"; };
		33377B0C1E306297007304B9 /* Student.m */ = {isa = PBXFileReference; fileEncoding = 4; lastKnownFileType = sourcecode.c.objc; path = Student.m; sourceTree = "<group>"; };
		33377B0E1E3062CA007304B9 /* UniversityStudent.h */ = {isa = PBXFileReference; fileEncoding = 4; lastKnownFileType = sourcecode.c.h; path = UniversityStudent.h; sourceTree = "<group>"; };
		33377B0F1E3062CA007304B9 /* UniversityStudent.m */ = {isa = PBXFileReference; fileEncoding = 4; lastKnownFileType = sourcecode.c.objc; path = UniversityStudent.m; sourceTree = "<group>"; };
/* End PBXFileReference section */

/* Begin PBXFrameworksBuildPhase section */
		33377AFB1E30626B007304B9 /* Frameworks */ = {
			isa = PBXFrameworksBuildPhase;
			buildActionMask = 2147483647;
			files = (
			);
			runOnlyForDeploymentPostprocessing = 0;
		};
/* End PBXFrameworksBuildPhase section */

/* Begin PBXGroup section */
		33377AF51E30626B007304B9 = {
			isa = PBXGroup;
			children = (
				33377B001E30626B007304B9 /* 170119 - PersonStudent */,
				33377AFF1E30626B007304B9 /* Products */,
			);
			sourceTree = "<group>";
		};
		33377AFF1E30626B007304B9 /* Products */ = {
			isa = PBXGroup;
			children = (
				33377AFE1E30626B007304B9 /* 170119 - PersonStudent */,
			);
			name = Products;
			sourceTree = "<group>";
		};
		33377B001E30626B007304B9 /* 170119 - PersonStudent */ = {
			isa = PBXGroup;
			children = (
				33377B011E30626B007304B9 /* main.m */,
				33377B081E30628A007304B9 /* Person.h */,
				33377B091E30628A007304B9 /* Person.m */,
				33377B0B1E306297007304B9 /* Student.h */,
				33377B0C1E306297007304B9 /* Student.m */,
				33377B0E1E3062CA007304B9 /* UniversityStudent.h */,
				33377B0F1E3062CA007304B9 /* UniversityStudent.m */,
			);
			path = "170119 - PersonStudent";
			sourceTree = "<group>";
		};
/* End PBXGroup section */

/* Begin PBXNativeTarget section */
		33377AFD1E30626B007304B9 /* 170119 - PersonStudent */ = {
			isa = PBXNativeTarget;
			buildConfigurationList = 33377B051E30626B007304B9 /* Build configuration list for PBXNativeTarget "170119 - PersonStudent" */;
			buildPhases = (
				33377AFA1E30626B007304B9 /* Sources */,
				33377AFB1E30626B007304B9 /* Frameworks */,
				33377AFC1E30626B007304B9 /* CopyFiles */,
			);
			buildRules = (
			);
			dependencies = (
			);
			name = "170119 - PersonStudent";
			productName = "170119 - PersonStudent";
			productReference = 33377AFE1E30626B007304B9 /* 170119 - PersonStudent */;
			productType = "com.apple.product-type.tool";
		};
/* End PBXNativeTarget section */

/* Begin PBXProject section */
		33377AF61E30626B007304B9 /* Project object */ = {
			isa = PBXProject;
			attributes = {
				LastUpgradeCheck = 0820;
				ORGANIZATIONNAME = noName;
				TargetAttributes = {
					33377AFD1E30626B007304B9 = {
						CreatedOnToolsVersion = 8.2.1;
						ProvisioningStyle = Automatic;
					};
				};
			};
			buildConfigurationList = 33377AF91E30626B007304B9 /* Build configuration list for PBXProject "170119 - PersonStudent" */;
			compatibilityVersion = "Xcode 3.2";
			developmentRegion = English;
			hasScannedForEncodings = 0;
			knownRegions = (
				en,
			);
			mainGroup = 33377AF51E30626B007304B9;
			productRefGroup = 33377AFF1E30626B007304B9 /* Products */;
			projectDirPath = "";
			projectRoot = "";
			targets = (
				33377AFD1E30626B007304B9 /* 170119 - PersonStudent */,
			);
		};
/* End PBXProject section */

/* Begin PBXSourcesBuildPhase section */
		33377AFA1E30626B007304B9 /* Sources */ = {
			isa = PBXSourcesBuildPhase;
			buildActionMask = 2147483647;
			files = (
				33377B0A1E30628A007304B9 /* Person.m in Sources */,
				33377B021E30626B007304B9 /* main.m in Sources */,
				33377B0D1E306297007304B9 /* Student.m in Sources */,
				33377B101E3062CA007304B9 /* UniversityStudent.m in Sources */,
			);
			runOnlyForDeploymentPostprocessing = 0;
		};
/* End PBXSourcesBuildPhase section */

/* Begin XCBuildConfiguration section */
		33377B031E30626B007304B9 /* Debug */ = {
			isa = XCBuildConfiguration;
			buildSettings = {
				ALWAYS_SEARCH_USER_PATHS = NO;
				CLANG_ANALYZER_NONNULL = YES;
				CLANG_CXX_LANGUAGE_STANDARD = "gnu++0x";
				CLANG_CXX_LIBRARY = "libc++";
				CLANG_ENABLE_MODULES = YES;
				CLANG_ENABLE_OBJC_ARC = YES;
				CLANG_WARN_BOOL_CONVERSION = YES;
				CLANG_WARN_CONSTANT_CONVERSION = YES;
				CLANG_WARN_DIRECT_OBJC_ISA_USAGE = YES_ERROR;
				CLANG_WARN_DOCUMENTATION_COMMENTS = YES;
				CLANG_WARN_EMPTY_BODY = YES;
				CLANG_WARN_ENUM_CONVERSION = YES;
				CLANG_WARN_INFINITE_RECURSION = YES;
				CLANG_WARN_INT_CONVERSION = YES;
				CLANG_WARN_OBJC_ROOT_CLASS = YES_ERROR;
				CLANG_WARN_SUSPICIOUS_MOVE = YES;
				CLANG_WARN_UNREACHABLE_CODE = YES;
				CLANG_WARN__DUPLICATE_METHOD_MATCH = YES;
				CODE_SIGN_IDENTITY = "-";
				COPY_PHASE_STRIP = NO;
				DEBUG_INFORMATION_FORMAT = dwarf;
				ENABLE_STRICT_OBJC_MSGSEND = YES;
				ENABLE_TESTABILITY = YES;
				GCC_C_LANGUAGE_STANDARD = gnu99;
				GCC_DYNAMIC_NO_PIC = NO;
				GCC_NO_COMMON_BLOCKS = YES;
				GCC_OPTIMIZATION_LEVEL = 0;
				GCC_PREPROCESSOR_DEFINITIONS = (
					"DEBUG=1",
					"$(inherited)",
				);
				GCC_WARN_64_TO_32_BIT_CONVERSION = YES;
				GCC_WARN_ABOUT_RETURN_TYPE = YES_ERROR;
				GCC_WARN_UNDECLARED_SELECTOR = YES;
				GCC_WARN_UNINITIALIZED_AUTOS = YES_AGGRESSIVE;
				GCC_WARN_UNUSED_FUNCTION = YES;
				GCC_WARN_UNUSED_VARIABLE = YES;
				MACOSX_DEPLOYMENT_TARGET = 10.12;
				MTL_ENABLE_DEBUG_INFO = YES;
				ONLY_ACTIVE_ARCH = YES;
				SDKROOT = macosx;
			};
			name = Debug;
		};
		33377B041E30626B007304B9 /* Release */ = {
			isa = XCBuildConfiguration;
			buildSettings = {
				ALWAYS_SEARCH_USER_PATHS = NO;
				CLANG_ANALYZER_NONNULL = YES;
				CLANG_CXX_LANGUAGE_STANDARD = "gnu++0x";
				CLANG_CXX_LIBRARY = "libc++";
				CLANG_ENABLE_MODULES = YES;
				CLANG_ENABLE_OBJC_ARC = YES;
				CLANG_WARN_BOOL_CONVERSION = YES;
				CLANG_WARN_CONSTANT_CONVERSION = YES;
				CLANG_WARN_DIRECT_OBJC_ISA_USAGE = YES_ERROR;
				CLANG_WARN_DOCUMENTATION_COMMENTS = YES;
				CLANG_WARN_EMPTY_BODY = YES;
				CLANG_WARN_ENUM_CONVERSION = YES;
				CLANG_WARN_INFINITE_RECURSION = YES;
				CLANG_WARN_INT_CONVERSION = YES;
				CLANG_WARN_OBJC_ROOT_CLASS = YES_ERROR;
				CLANG_WARN_SUSPICIOUS_MOVE = YES;
				CLANG_WARN_UNREACHABLE_CODE = YES;
				CLANG_WARN__DUPLICATE_METHOD_MATCH = YES;
				CODE_SIGN_IDENTITY = "-";
				COPY_PHASE_STRIP = NO;
				DEBUG_INFORMATION_FORMAT = "dwarf-with-dsym";
				ENABLE_NS_ASSERTIONS = NO;
				ENABLE_STRICT_OBJC_MSGSEND = YES;
				GCC_C_LANGUAGE_STANDARD = gnu99;
				GCC_NO_COMMON_BLOCKS = YES;
				GCC_WARN_64_TO_32_BIT_CONVERSION = YES;
				GCC_WARN_ABOUT_RETURN_TYPE = YES_ERROR;
				GCC_WARN_UNDECLARED_SELECTOR = YES;
				GCC_WARN_UNINITIALIZED_AUTOS = YES_AGGRESSIVE;
				GCC_WARN_UNUSED_FUNCTION = YES;
				GCC_WARN_UNUSED_VARIABLE = YES;
				MACOSX_DEPLOYMENT_TARGET = 10.12;
				MTL_ENABLE_DEBUG_INFO = NO;
				SDKROOT = macosx;
			};
			name = Release;
		};
		33377B061E30626B007304B9 /* Debug */ = {
			isa = XCBuildConfiguration;
			buildSettings = {
				PRODUCT_NAME = "$(TARGET_NAME)";
			};
			name = Debug;
		};
		33377B071E30626B007304B9 /* Release */ = {
			isa = XCBuildConfiguration;
			buildSettings = {
				PRODUCT_NAME = "$(TARGET_NAME)";
			};
			name = Release;
		};
/* End XCBuildConfiguration section */

/* Begin XCConfigurationList section */
		33377AF91E30626B007304B9 /* Build configuration list for PBXProject "170119 - PersonStudent" */ = {
			isa = XCConfigurationList;
			buildConfigurations = (
				33377B031E30626B007304B9 /* Debug */,
				33377B041E30626B007304B9 /* Release */,
			);
			defaultConfigurationIsVisible = 0;
			defaultConfigurationName = Release;
		};
		33377B051E30626B007304B9 /* Build configuration list for PBXNativeTarget "170119 - PersonStudent" */ = {
			isa = XCConfigurationList;
			buildConfigurations = (
				33377B061E30626B007304B9 /* Debug */,
				33377B071E30626B007304B9 /* Release */,
			);
			defaultConfigurationIsVisible = 0;
		};
/* End XCConfigurationList section */
	};
	rootObject = 33377AF61E30626B007304B9 /* Project object */;
}
