// !$*UTF8*$!
{
	archiveVersion = 1;
	classes = {
	};
	objectVersion = 46;
	objects = {

/* Begin PBXBuildFile section */
		33A7862D1E2E1B1900957392 /* main.m in Sources */ = {isa = PBXBuildFile; fileRef = 33A7862C1E2E1B1900957392 /* main.m */; };
		33A786351E2E1B3D00957392 /* Person.m in Sources */ = {isa = PBXBuildFile; fileRef = 33A786341E2E1B3D00957392 /* Person.m */; };
		33A786381E2E1B4900957392 /* Warrior.m in Sources */ = {isa = PBXBuildFile; fileRef = 33A786371E2E1B4900957392 /* Warrior.m */; };
		33A7863B1E2E1B5100957392 /* Wizard.m in Sources */ = {isa = PBXBuildFile; fileRef = 33A7863A1E2E1B5100957392 /* Wizard.m */; };
/* End PBXBuildFile section */

/* Begin PBXCopyFilesBuildPhase section */
		33A786271E2E1B1900957392 /* CopyFiles */ = {
			isa = PBXCopyFilesBuildPhase;
			buildActionMask = 2147483647;
			dstPath = /usr/share/man/man1/;
			dstSubfolderSpec = 0;
			files = (
			);
			runOnlyForDeploymentPostprocessing = 1;
		};
/* End PBXCopyFilesBuildPhase section */

/* Begin PBXFileReference section */
		33A786291E2E1B1900957392 /* 170117-2 */ = {isa = PBXFileReference; explicitFileType = "compiled.mach-o.executable"; includeInIndex = 0; path = "170117-2"; sourceTree = BUILT_PRODUCTS_DIR; };
		33A7862C1E2E1B1900957392 /* main.m */ = {isa = PBXFileReference; lastKnownFileType = sourcecode.c.objc; path = main.m; sourceTree = "<group>"; };
		33A786331E2E1B3D00957392 /* Person.h */ = {isa = PBXFileReference; fileEncoding = 4; lastKnownFileType = sourcecode.c.h; path = Person.h; sourceTree = "<group>"; };
		33A786341E2E1B3D00957392 /* Person.m */ = {isa = PBXFileReference; fileEncoding = 4; lastKnownFileType = sourcecode.c.objc; path = Person.m; sourceTree = "<group>"; };
		33A786361E2E1B4900957392 /* Warrior.h */ = {isa = PBXFileReference; fileEncoding = 4; lastKnownFileType = sourcecode.c.h; path = Warrior.h; sourceTree = "<group>"; };
		33A786371E2E1B4900957392 /* Warrior.m */ = {isa = PBXFileReference; fileEncoding = 4; lastKnownFileType = sourcecode.c.objc; path = Warrior.m; sourceTree = "<group>"; };
		33A786391E2E1B5100957392 /* Wizard.h */ = {isa = PBXFileReference; fileEncoding = 4; lastKnownFileType = sourcecode.c.h; path = Wizard.h; sourceTree = "<group>"; };
		33A7863A1E2E1B5100957392 /* Wizard.m */ = {isa = PBXFileReference; fileEncoding = 4; lastKnownFileType = sourcecode.c.objc; path = Wizard.m; sourceTree = "<group>"; };
/* End PBXFileReference section */

/* Begin PBXFrameworksBuildPhase section */
		33A786261E2E1B1900957392 /* Frameworks */ = {
			isa = PBXFrameworksBuildPhase;
			buildActionMask = 2147483647;
			files = (
			);
			runOnlyForDeploymentPostprocessing = 0;
		};
/* End PBXFrameworksBuildPhase section */

/* Begin PBXGroup section */
		33A786201E2E1B1900957392 = {
			isa = PBXGroup;
			children = (
				33A7862B1E2E1B1900957392 /* 170117-2 */,
				33A7862A1E2E1B1900957392 /* Products */,
			);
			sourceTree = "<group>";
		};
		33A7862A1E2E1B1900957392 /* Products */ = {
			isa = PBXGroup;
			children = (
				33A786291E2E1B1900957392 /* 170117-2 */,
			);
			name = Products;
			sourceTree = "<group>";
		};
		33A7862B1E2E1B1900957392 /* 170117-2 */ = {
			isa = PBXGroup;
			children = (
				33A7862C1E2E1B1900957392 /* main.m */,
				33A786331E2E1B3D00957392 /* Person.h */,
				33A786341E2E1B3D00957392 /* Person.m */,
				33A786361E2E1B4900957392 /* Warrior.h */,
				33A786371E2E1B4900957392 /* Warrior.m */,
				33A786391E2E1B5100957392 /* Wizard.h */,
				33A7863A1E2E1B5100957392 /* Wizard.m */,
			);
			path = "170117-2";
			sourceTree = "<group>";
		};
/* End PBXGroup section */

/* Begin PBXNativeTarget section */
		33A786281E2E1B1900957392 /* 170117-2 */ = {
			isa = PBXNativeTarget;
			buildConfigurationList = 33A786301E2E1B1900957392 /* Build configuration list for PBXNativeTarget "170117-2" */;
			buildPhases = (
				33A786251E2E1B1900957392 /* Sources */,
				33A786261E2E1B1900957392 /* Frameworks */,
				33A786271E2E1B1900957392 /* CopyFiles */,
			);
			buildRules = (
			);
			dependencies = (
			);
			name = "170117-2";
			productName = "170117-2";
			productReference = 33A786291E2E1B1900957392 /* 170117-2 */;
			productType = "com.apple.product-type.tool";
		};
/* End PBXNativeTarget section */

/* Begin PBXProject section */
		33A786211E2E1B1900957392 /* Project object */ = {
			isa = PBXProject;
			attributes = {
				LastUpgradeCheck = 0820;
				ORGANIZATIONNAME = noName;
				TargetAttributes = {
					33A786281E2E1B1900957392 = {
						CreatedOnToolsVersion = 8.2.1;
						ProvisioningStyle = Automatic;
					};
				};
			};
			buildConfigurationList = 33A786241E2E1B1900957392 /* Build configuration list for PBXProject "170117-2" */;
			compatibilityVersion = "Xcode 3.2";
			developmentRegion = English;
			hasScannedForEncodings = 0;
			knownRegions = (
				en,
			);
			mainGroup = 33A786201E2E1B1900957392;
			productRefGroup = 33A7862A1E2E1B1900957392 /* Products */;
			projectDirPath = "";
			projectRoot = "";
			targets = (
				33A786281E2E1B1900957392 /* 170117-2 */,
			);
		};
/* End PBXProject section */

/* Begin PBXSourcesBuildPhase section */
		33A786251E2E1B1900957392 /* Sources */ = {
			isa = PBXSourcesBuildPhase;
			buildActionMask = 2147483647;
			files = (
				33A7863B1E2E1B5100957392 /* Wizard.m in Sources */,
				33A786381E2E1B4900957392 /* Warrior.m in Sources */,
				33A786351E2E1B3D00957392 /* Person.m in Sources */,
				33A7862D1E2E1B1900957392 /* main.m in Sources */,
			);
			runOnlyForDeploymentPostprocessing = 0;
		};
/* End PBXSourcesBuildPhase section */

/* Begin XCBuildConfiguration section */
		33A7862E1E2E1B1900957392 /* Debug */ = {
			isa = XCBuildConfiguration;
			buildSettings = {
				ALWAYS_SEARCH_USER_PATHS = NO;
				CLANG_ANALYZER_NONNULL = YES;
				CLANG_CXX_LANGUAGE_STANDARD = "gnu++0x";
				CLANG_CXX_LIBRARY = "libc++";
				CLANG_ENABLE_MODULES = YES;
				CLANG_ENABLE_OBJC_ARC = YES;
				CLANG_WARN_BOOL_CONVERSION = YES;
				CLANG_WARN_CONSTANT_CONVERSION = YES;
				CLANG_WARN_DIRECT_OBJC_ISA_USAGE = YES_ERROR;
				CLANG_WARN_DOCUMENTATION_COMMENTS = YES;
				CLANG_WARN_EMPTY_BODY = YES;
				CLANG_WARN_ENUM_CONVERSION = YES;
				CLANG_WARN_INFINITE_RECURSION = YES;
				CLANG_WARN_INT_CONVERSION = YES;
				CLANG_WARN_OBJC_ROOT_CLASS = YES_ERROR;
				CLANG_WARN_SUSPICIOUS_MOVE = YES;
				CLANG_WARN_UNREACHABLE_CODE = YES;
				CLANG_WARN__DUPLICATE_METHOD_MATCH = YES;
				CODE_SIGN_IDENTITY = "-";
				COPY_PHASE_STRIP = NO;
				DEBUG_INFORMATION_FORMAT = dwarf;
				ENABLE_STRICT_OBJC_MSGSEND = YES;
				ENABLE_TESTABILITY = YES;
				GCC_C_LANGUAGE_STANDARD = gnu99;
				GCC_DYNAMIC_NO_PIC = NO;
				GCC_NO_COMMON_BLOCKS = YES;
				GCC_OPTIMIZATION_LEVEL = 0;
				GCC_PREPROCESSOR_DEFINITIONS = (
					"DEBUG=1",
					"$(inherited)",
				);
				GCC_WARN_64_TO_32_BIT_CONVERSION = YES;
				GCC_WARN_ABOUT_RETURN_TYPE = YES_ERROR;
				GCC_WARN_UNDECLARED_SELECTOR = YES;
				GCC_WARN_UNINITIALIZED_AUTOS = YES_AGGRESSIVE;
				GCC_WARN_UNUSED_FUNCTION = YES;
				GCC_WARN_UNUSED_VARIABLE = YES;
				MACOSX_DEPLOYMENT_TARGET = 10.12;
				MTL_ENABLE_DEBUG_INFO = YES;
				ONLY_ACTIVE_ARCH = YES;
				SDKROOT = macosx;
			};
			name = Debug;
		};
		33A7862F1E2E1B1900957392 /* Release */ = {
			isa = XCBuildConfiguration;
			buildSettings = {
				ALWAYS_SEARCH_USER_PATHS = NO;
				CLANG_ANALYZER_NONNULL = YES;
				CLANG_CXX_LANGUAGE_STANDARD = "gnu++0x";
				CLANG_CXX_LIBRARY = "libc++";
				CLANG_ENABLE_MODULES = YES;
				CLANG_ENABLE_OBJC_ARC = YES;
				CLANG_WARN_BOOL_CONVERSION = YES;
				CLANG_WARN_CONSTANT_CONVERSION = YES;
				CLANG_WARN_DIRECT_OBJC_ISA_USAGE = YES_ERROR;
				CLANG_WARN_DOCUMENTATION_COMMENTS = YES;
				CLANG_WARN_EMPTY_BODY = YES;
				CLANG_WARN_ENUM_CONVERSION = YES;
				CLANG_WARN_INFINITE_RECURSION = YES;
				CLANG_WARN_INT_CONVERSION = YES;
				CLANG_WARN_OBJC_ROOT_CLASS = YES_ERROR;
				CLANG_WARN_SUSPICIOUS_MOVE = YES;
				CLANG_WARN_UNREACHABLE_CODE = YES;
				CLANG_WARN__DUPLICATE_METHOD_MATCH = YES;
				CODE_SIGN_IDENTITY = "-";
				COPY_PHASE_STRIP = NO;
				DEBUG_INFORMATION_FORMAT = "dwarf-with-dsym";
				ENABLE_NS_ASSERTIONS = NO;
				ENABLE_STRICT_OBJC_MSGSEND = YES;
				GCC_C_LANGUAGE_STANDARD = gnu99;
				GCC_NO_COMMON_BLOCKS = YES;
				GCC_WARN_64_TO_32_BIT_CONVERSION = YES;
				GCC_WARN_ABOUT_RETURN_TYPE = YES_ERROR;
				GCC_WARN_UNDECLARED_SELECTOR = YES;
				GCC_WARN_UNINITIALIZED_AUTOS = YES_AGGRESSIVE;
				GCC_WARN_UNUSED_FUNCTION = YES;
				GCC_WARN_UNUSED_VARIABLE = YES;
				MACOSX_DEPLOYMENT_TARGET = 10.12;
				MTL_ENABLE_DEBUG_INFO = NO;
				SDKROOT = macosx;
			};
			name = Release;
		};
		33A786311E2E1B1900957392 /* Debug */ = {
			isa = XCBuildConfiguration;
			buildSettings = {
				PRODUCT_NAME = "$(TARGET_NAME)";
			};
			name = Debug;
		};
		33A786321E2E1B1900957392 /* Release */ = {
			isa = XCBuildConfiguration;
			buildSettings = {
				PRODUCT_NAME = "$(TARGET_NAME)";
			};
			name = Release;
		};
/* End XCBuildConfiguration section */

/* Begin XCConfigurationList section */
		33A786241E2E1B1900957392 /* Build configuration list for PBXProject "170117-2" */ = {
			isa = XCConfigurationList;
			buildConfigurations = (
				33A7862E1E2E1B1900957392 /* Debug */,
				33A7862F1E2E1B1900957392 /* Release */,
			);
			defaultConfigurationIsVisible = 0;
			defaultConfigurationName = Release;
		};
		33A786301E2E1B1900957392 /* Build configuration list for PBXNativeTarget "170117-2" */ = {
			isa = XCConfigurationList;
			buildConfigurations = (
				33A786311E2E1B1900957392 /* Debug */,
				33A786321E2E1B1900957392 /* Release */,
			);
			defaultConfigurationIsVisible = 0;
		};
/* End XCConfigurationList section */
	};
	rootObject = 33A786211E2E1B1900957392 /* Project object */;
}
