// !$*UTF8*$!
{
	archiveVersion = 1;
	classes = {
	};
	objectVersion = 46;
	objects = {

/* Begin PBXBuildFile section */
		33A7C0661E76852F0086F029 /* main.m in Sources */ = {isa = PBXBuildFile; fileRef = 33A7C0651E76852F0086F029 /* main.m */; };
		33A7C0691E76852F0086F029 /* AppDelegate.m in Sources */ = {isa = PBXBuildFile; fileRef = 33A7C0681E76852F0086F029 /* AppDelegate.m */; };
		33A7C06C1E76852F0086F029 /* ViewController.m in Sources */ = {isa = PBXBuildFile; fileRef = 33A7C06B1E76852F0086F029 /* ViewController.m */; };
		33A7C06F1E76852F0086F029 /* Main.storyboard in Resources */ = {isa = PBXBuildFile; fileRef = 33A7C06D1E76852F0086F029 /* Main.storyboard */; };
		33A7C0711E76852F0086F029 /* Assets.xcassets in Resources */ = {isa = PBXBuildFile; fileRef = 33A7C0701E76852F0086F029 /* Assets.xcassets */; };
		33A7C0741E76852F0086F029 /* LaunchScreen.storyboard in Resources */ = {isa = PBXBuildFile; fileRef = 33A7C0721E76852F0086F029 /* LaunchScreen.storyboard */; };
/* End PBXBuildFile section */

/* Begin PBXFileReference section */
		33A7C0611E76852F0086F029 /* 170313 - 3 GCD.app */ = {isa = PBXFileReference; explicitFileType = wrapper.application; includeInIndex = 0; path = "170313 - 3 GCD.app"; sourceTree = BUILT_PRODUCTS_DIR; };
		33A7C0651E76852F0086F029 /* main.m */ = {isa = PBXFileReference; lastKnownFileType = sourcecode.c.objc; path = main.m; sourceTree = "<group>"; };
		33A7C0671E76852F0086F029 /* AppDelegate.h */ = {isa = PBXFileReference; lastKnownFileType = sourcecode.c.h; path = AppDelegate.h; sourceTree = "<group>"; };
		33A7C0681E76852F0086F029 /* AppDelegate.m */ = {isa = PBXFileReference; lastKnownFileType = sourcecode.c.objc; path = AppDelegate.m; sourceTree = "<group>"; };
		33A7C06A1E76852F0086F029 /* ViewController.h */ = {isa = PBXFileReference; lastKnownFileType = sourcecode.c.h; path = ViewController.h; sourceTree = "<group>"; };
		33A7C06B1E76852F0086F029 /* ViewController.m */ = {isa = PBXFileReference; lastKnownFileType = sourcecode.c.objc; path = ViewController.m; sourceTree = "<group>"; };
		33A7C06E1E76852F0086F029 /* Base */ = {isa = PBXFileReference; lastKnownFileType = file.storyboard; name = Base; path = Base.lproj/Main.storyboard; sourceTree = "<group>"; };
		33A7C0701E76852F0086F029 /* Assets.xcassets */ = {isa = PBXFileReference; lastKnownFileType = folder.assetcatalog; path = Assets.xcassets; sourceTree = "<group>"; };
		33A7C0731E76852F0086F029 /* Base */ = {isa = PBXFileReference; lastKnownFileType = file.storyboard; name = Base; path = Base.lproj/LaunchScreen.storyboard; sourceTree = "<group>"; };
		33A7C0751E76852F0086F029 /* Info.plist */ = {isa = PBXFileReference; lastKnownFileType = text.plist.xml; path = Info.plist; sourceTree = "<group>"; };
/* End PBXFileReference section */

/* Begin PBXFrameworksBuildPhase section */
		33A7C05E1E76852F0086F029 /* Frameworks */ = {
			isa = PBXFrameworksBuildPhase;
			buildActionMask = 2147483647;
			files = (
			);
			runOnlyForDeploymentPostprocessing = 0;
		};
/* End PBXFrameworksBuildPhase section */

/* Begin PBXGroup section */
		33A7C0581E76852F0086F029 = {
			isa = PBXGroup;
			children = (
				33A7C0631E76852F0086F029 /* 170313 - 3 GCD */,
				33A7C0621E76852F0086F029 /* Products */,
			);
			sourceTree = "<group>";
		};
		33A7C0621E76852F0086F029 /* Products */ = {
			isa = PBXGroup;
			children = (
				33A7C0611E76852F0086F029 /* 170313 - 3 GCD.app */,
			);
			name = Products;
			sourceTree = "<group>";
		};
		33A7C0631E76852F0086F029 /* 170313 - 3 GCD */ = {
			isa = PBXGroup;
			children = (
				33A7C0671E76852F0086F029 /* AppDelegate.h */,
				33A7C0681E76852F0086F029 /* AppDelegate.m */,
				33A7C06A1E76852F0086F029 /* ViewController.h */,
				33A7C06B1E76852F0086F029 /* ViewController.m */,
				33A7C06D1E76852F0086F029 /* Main.storyboard */,
				33A7C0701E76852F0086F029 /* Assets.xcassets */,
				33A7C0721E76852F0086F029 /* LaunchScreen.storyboard */,
				33A7C0751E76852F0086F029 /* Info.plist */,
				33A7C0641E76852F0086F029 /* Supporting Files */,
			);
			path = "170313 - 3 GCD";
			sourceTree = "<group>";
		};
		33A7C0641E76852F0086F029 /* Supporting Files */ = {
			isa = PBXGroup;
			children = (
				33A7C0651E76852F0086F029 /* main.m */,
			);
			name = "Supporting Files";
			sourceTree = "<group>";
		};
/* End PBXGroup section */

/* Begin PBXNativeTarget section */
		33A7C0601E76852F0086F029 /* 170313 - 3 GCD */ = {
			isa = PBXNativeTarget;
			buildConfigurationList = 33A7C0781E76852F0086F029 /* Build configuration list for PBXNativeTarget "170313 - 3 GCD" */;
			buildPhases = (
				33A7C05D1E76852F0086F029 /* Sources */,
				33A7C05E1E76852F0086F029 /* Frameworks */,
				33A7C05F1E76852F0086F029 /* Resources */,
			);
			buildRules = (
			);
			dependencies = (
			);
			name = "170313 - 3 GCD";
			productName = "170313 - 3 GCD";
			productReference = 33A7C0611E76852F0086F029 /* 170313 - 3 GCD.app */;
			productType = "com.apple.product-type.application";
		};
/* End PBXNativeTarget section */

/* Begin PBXProject section */
		33A7C0591E76852F0086F029 /* Project object */ = {
			isa = PBXProject;
			attributes = {
				LastUpgradeCheck = 0820;
				ORGANIZATIONNAME = "Park Jae Han";
				TargetAttributes = {
					33A7C0601E76852F0086F029 = {
						CreatedOnToolsVersion = 8.2.1;
						ProvisioningStyle = Automatic;
					};
				};
			};
			buildConfigurationList = 33A7C05C1E76852F0086F029 /* Build configuration list for PBXProject "170313 - 3 GCD" */;
			compatibilityVersion = "Xcode 3.2";
			developmentRegion = English;
			hasScannedForEncodings = 0;
			knownRegions = (
				en,
				Base,
			);
			mainGroup = 33A7C0581E76852F0086F029;
			productRefGroup = 33A7C0621E76852F0086F029 /* Products */;
			projectDirPath = "";
			projectRoot = "";
			targets = (
				33A7C0601E76852F0086F029 /* 170313 - 3 GCD */,
			);
		};
/* End PBXProject section */

/* Begin PBXResourcesBuildPhase section */
		33A7C05F1E76852F0086F029 /* Resources */ = {
			isa = PBXResourcesBuildPhase;
			buildActionMask = 2147483647;
			files = (
				33A7C0741E76852F0086F029 /* LaunchScreen.storyboard in Resources */,
				33A7C0711E76852F0086F029 /* Assets.xcassets in Resources */,
				33A7C06F1E76852F0086F029 /* Main.storyboard in Resources */,
			);
			runOnlyForDeploymentPostprocessing = 0;
		};
/* End PBXResourcesBuildPhase section */

/* Begin PBXSourcesBuildPhase section */
		33A7C05D1E76852F0086F029 /* Sources */ = {
			isa = PBXSourcesBuildPhase;
			buildActionMask = 2147483647;
			files = (
				33A7C06C1E76852F0086F029 /* ViewController.m in Sources */,
				33A7C0691E76852F0086F029 /* AppDelegate.m in Sources */,
				33A7C0661E76852F0086F029 /* main.m in Sources */,
			);
			runOnlyForDeploymentPostprocessing = 0;
		};
/* End PBXSourcesBuildPhase section */

/* Begin PBXVariantGroup section */
		33A7C06D1E76852F0086F029 /* Main.storyboard */ = {
			isa = PBXVariantGroup;
			children = (
				33A7C06E1E76852F0086F029 /* Base */,
			);
			name = Main.storyboard;
			sourceTree = "<group>";
		};
		33A7C0721E76852F0086F029 /* LaunchScreen.storyboard */ = {
			isa = PBXVariantGroup;
			children = (
				33A7C0731E76852F0086F029 /* Base */,
			);
			name = LaunchScreen.storyboard;
			sourceTree = "<group>";
		};
/* End PBXVariantGroup section */

/* Begin XCBuildConfiguration section */
		33A7C0761E76852F0086F029 /* Debug */ = {
			isa = XCBuildConfiguration;
			buildSettings = {
				ALWAYS_SEARCH_USER_PATHS = NO;
				CLANG_ANALYZER_NONNULL = YES;
				CLANG_CXX_LANGUAGE_STANDARD = "gnu++0x";
				CLANG_CXX_LIBRARY = "libc++";
				CLANG_ENABLE_MODULES = YES;
				CLANG_ENABLE_OBJC_ARC = YES;
				CLANG_WARN_BOOL_CONVERSION = YES;
				CLANG_WARN_CONSTANT_CONVERSION = YES;
				CLANG_WARN_DIRECT_OBJC_ISA_USAGE = YES_ERROR;
				CLANG_WARN_DOCUMENTATION_COMMENTS = YES;
				CLANG_WARN_EMPTY_BODY = YES;
				CLANG_WARN_ENUM_CONVERSION = YES;
				CLANG_WARN_INFINITE_RECURSION = YES;
				CLANG_WARN_INT_CONVERSION = YES;
				CLANG_WARN_OBJC_ROOT_CLASS = YES_ERROR;
				CLANG_WARN_SUSPICIOUS_MOVE = YES;
				CLANG_WARN_UNREACHABLE_CODE = YES;
				CLANG_WARN__DUPLICATE_METHOD_MATCH = YES;
				"CODE_SIGN_IDENTITY[sdk=iphoneos*]" = "iPhone Developer";
				COPY_PHASE_STRIP = NO;
				DEBUG_INFORMATION_FORMAT = dwarf;
				ENABLE_STRICT_OBJC_MSGSEND = YES;
				ENABLE_TESTABILITY = YES;
				GCC_C_LANGUAGE_STANDARD = gnu99;
				GCC_DYNAMIC_NO_PIC = NO;
				GCC_NO_COMMON_BLOCKS = YES;
				GCC_OPTIMIZATION_LEVEL = 0;
				GCC_PREPROCESSOR_DEFINITIONS = (
					"DEBUG=1",
					"$(inherited)",
				);
				GCC_WARN_64_TO_32_BIT_CONVERSION = YES;
				GCC_WARN_ABOUT_RETURN_TYPE = YES_ERROR;
				GCC_WARN_UNDECLARED_SELECTOR = YES;
				GCC_WARN_UNINITIALIZED_AUTOS = YES_AGGRESSIVE;
				GCC_WARN_UNUSED_FUNCTION = YES;
				GCC_WARN_UNUSED_VARIABLE = YES;
				IPHONEOS_DEPLOYMENT_TARGET = 10.2;
				MTL_ENABLE_DEBUG_INFO = YES;
				ONLY_ACTIVE_ARCH = YES;
				SDKROOT = iphoneos;
				TARGETED_DEVICE_FAMILY = "1,2";
			};
			name = Debug;
		};
		33A7C0771E76852F0086F029 /* Release */ = {
			isa = XCBuildConfiguration;
			buildSettings = {
				ALWAYS_SEARCH_USER_PATHS = NO;
				CLANG_ANALYZER_NONNULL = YES;
				CLANG_CXX_LANGUAGE_STANDARD = "gnu++0x";
				CLANG_CXX_LIBRARY = "libc++";
				CLANG_ENABLE_MODULES = YES;
				CLANG_ENABLE_OBJC_ARC = YES;
				CLANG_WARN_BOOL_CONVERSION = YES;
				CLANG_WARN_CONSTANT_CONVERSION = YES;
				CLANG_WARN_DIRECT_OBJC_ISA_USAGE = YES_ERROR;
				CLANG_WARN_DOCUMENTATION_COMMENTS = YES;
				CLANG_WARN_EMPTY_BODY = YES;
				CLANG_WARN_ENUM_CONVERSION = YES;
				CLANG_WARN_INFINITE_RECURSION = YES;
				CLANG_WARN_INT_CONVERSION = YES;
				CLANG_WARN_OBJC_ROOT_CLASS = YES_ERROR;
				CLANG_WARN_SUSPICIOUS_MOVE = YES;
				CLANG_WARN_UNREACHABLE_CODE = YES;
				CLANG_WARN__DUPLICATE_METHOD_MATCH = YES;
				"CODE_SIGN_IDENTITY[sdk=iphoneos*]" = "iPhone Developer";
				COPY_PHASE_STRIP = NO;
				DEBUG_INFORMATION_FORMAT = "dwarf-with-dsym";
				ENABLE_NS_ASSERTIONS = NO;
				ENABLE_STRICT_OBJC_MSGSEND = YES;
				GCC_C_LANGUAGE_STANDARD = gnu99;
				GCC_NO_COMMON_BLOCKS = YES;
				GCC_WARN_64_TO_32_BIT_CONVERSION = YES;
				GCC_WARN_ABOUT_RETURN_TYPE = YES_ERROR;
				GCC_WARN_UNDECLARED_SELECTOR = YES;
				GCC_WARN_UNINITIALIZED_AUTOS = YES_AGGRESSIVE;
				GCC_WARN_UNUSED_FUNCTION = YES;
				GCC_WARN_UNUSED_VARIABLE = YES;
				IPHONEOS_DEPLOYMENT_TARGET = 10.2;
				MTL_ENABLE_DEBUG_INFO = NO;
				SDKROOT = iphoneos;
				TARGETED_DEVICE_FAMILY = "1,2";
				VALIDATE_PRODUCT = YES;
			};
			name = Release;
		};
		33A7C0791E76852F0086F029 /* Debug */ = {
			isa = XCBuildConfiguration;
			buildSettings = {
				ASSETCATALOG_COMPILER_APPICON_NAME = AppIcon;
				INFOPLIST_FILE = "170313 - 3 GCD/Info.plist";
				LD_RUNPATH_SEARCH_PATHS = "$(inherited) @executable_path/Frameworks";
				PRODUCT_BUNDLE_IDENTIFIER = "noname.-70313---3-GCD";
				PRODUCT_NAME = "$(TARGET_NAME)";
			};
			name = Debug;
		};
		33A7C07A1E76852F0086F029 /* Release */ = {
			isa = XCBuildConfiguration;
			buildSettings = {
				ASSETCATALOG_COMPILER_APPICON_NAME = AppIcon;
				INFOPLIST_FILE = "170313 - 3 GCD/Info.plist";
				LD_RUNPATH_SEARCH_PATHS = "$(inherited) @executable_path/Frameworks";
				PRODUCT_BUNDLE_IDENTIFIER = "noname.-70313---3-GCD";
				PRODUCT_NAME = "$(TARGET_NAME)";
			};
			name = Release;
		};
/* End XCBuildConfiguration section */

/* Begin XCConfigurationList section */
		33A7C05C1E76852F0086F029 /* Build configuration list for PBXProject "170313 - 3 GCD" */ = {
			isa = XCConfigurationList;
			buildConfigurations = (
				33A7C0761E76852F0086F029 /* Debug */,
				33A7C0771E76852F0086F029 /* Release */,
			);
			defaultConfigurationIsVisible = 0;
			defaultConfigurationName = Release;
		};
		33A7C0781E76852F0086F029 /* Build configuration list for PBXNativeTarget "170313 - 3 GCD" */ = {
			isa = XCConfigurationList;
			buildConfigurations = (
				33A7C0791E76852F0086F029 /* Debug */,
				33A7C07A1E76852F0086F029 /* Release */,
			);
			defaultConfigurationIsVisible = 0;
		};
/* End XCConfigurationList section */
	};
	rootObject = 33A7C0591E76852F0086F029 /* Project object */;
}
