// !$*UTF8*$!
{
	archiveVersion = 1;
	classes = {
	};
	objectVersion = 46;
	objects = {

/* Begin PBXBuildFile section */
		331888C41E2E1C4600BD3B15 /* main.m in Sources */ = {isa = PBXBuildFile; fileRef = 331888C31E2E1C4600BD3B15 /* main.m */; };
		331888CC1E2E1CA300BD3B15 /* Clock.m in Sources */ = {isa = PBXBuildFile; fileRef = 331888CB1E2E1CA300BD3B15 /* Clock.m */; };
		331888CF1E2E1CAB00BD3B15 /* Person.m in Sources */ = {isa = PBXBuildFile; fileRef = 331888CE1E2E1CAB00BD3B15 /* Person.m */; };
		331888D21E2E1E3000BD3B15 /* Pod.m in Sources */ = {isa = PBXBuildFile; fileRef = 331888D11E2E1E3000BD3B15 /* Pod.m */; };
		331888D51E2E1E3700BD3B15 /* Sofa.m in Sources */ = {isa = PBXBuildFile; fileRef = 331888D41E2E1E3700BD3B15 /* Sofa.m */; };
		331888D81E2E1E3D00BD3B15 /* Table.m in Sources */ = {isa = PBXBuildFile; fileRef = 331888D71E2E1E3D00BD3B15 /* Table.m */; };
		331888DB1E2E1E4400BD3B15 /* Tv.m in Sources */ = {isa = PBXBuildFile; fileRef = 331888DA1E2E1E4400BD3B15 /* Tv.m */; };
/* End PBXBuildFile section */

/* Begin PBXCopyFilesBuildPhase section */
		331888BE1E2E1C4600BD3B15 /* CopyFiles */ = {
			isa = PBXCopyFilesBuildPhase;
			buildActionMask = 2147483647;
			dstPath = /usr/share/man/man1/;
			dstSubfolderSpec = 0;
			files = (
			);
			runOnlyForDeploymentPostprocessing = 1;
		};
/* End PBXCopyFilesBuildPhase section */

/* Begin PBXFileReference section */
		331888C01E2E1C4600BD3B15 /* 170117-MakeClasses */ = {isa = PBXFileReference; explicitFileType = "compiled.mach-o.executable"; includeInIndex = 0; path = "170117-MakeClasses"; sourceTree = BUILT_PRODUCTS_DIR; };
		331888C31E2E1C4600BD3B15 /* main.m */ = {isa = PBXFileReference; lastKnownFileType = sourcecode.c.objc; name = main.m; path = "170117-MakeClasses/main.m"; sourceTree = "<group>"; };
		331888CA1E2E1CA300BD3B15 /* Clock.h */ = {isa = PBXFileReference; fileEncoding = 4; lastKnownFileType = sourcecode.c.h; name = Clock.h; path = "170117-MakeClasses/Clock.h"; sourceTree = "<group>"; };
		331888CB1E2E1CA300BD3B15 /* Clock.m */ = {isa = PBXFileReference; fileEncoding = 4; lastKnownFileType = sourcecode.c.objc; name = Clock.m; path = "170117-MakeClasses/Clock.m"; sourceTree = "<group>"; };
		331888CD1E2E1CAB00BD3B15 /* Person.h */ = {isa = PBXFileReference; fileEncoding = 4; lastKnownFileType = sourcecode.c.h; name = Person.h; path = "170117-MakeClasses/Person.h"; sourceTree = "<group>"; };
		331888CE1E2E1CAB00BD3B15 /* Person.m */ = {isa = PBXFileReference; fileEncoding = 4; lastKnownFileType = sourcecode.c.objc; name = Person.m; path = "170117-MakeClasses/Person.m"; sourceTree = "<group>"; };
		331888D01E2E1E3000BD3B15 /* Pod.h */ = {isa = PBXFileReference; fileEncoding = 4; lastKnownFileType = sourcecode.c.h; name = Pod.h; path = "170117-MakeClasses/Pod.h"; sourceTree = "<group>"; };
		331888D11E2E1E3000BD3B15 /* Pod.m */ = {isa = PBXFileReference; fileEncoding = 4; lastKnownFileType = sourcecode.c.objc; name = Pod.m; path = "170117-MakeClasses/Pod.m"; sourceTree = "<group>"; };
		331888D31E2E1E3700BD3B15 /* Sofa.h */ = {isa = PBXFileReference; fileEncoding = 4; lastKnownFileType = sourcecode.c.h; name = Sofa.h; path = "170117-MakeClasses/Sofa.h"; sourceTree = "<group>"; };
		331888D41E2E1E3700BD3B15 /* Sofa.m */ = {isa = PBXFileReference; fileEncoding = 4; lastKnownFileType = sourcecode.c.objc; name = Sofa.m; path = "170117-MakeClasses/Sofa.m"; sourceTree = "<group>"; };
		331888D61E2E1E3D00BD3B15 /* Table.h */ = {isa = PBXFileReference; fileEncoding = 4; lastKnownFileType = sourcecode.c.h; name = Table.h; path = "170117-MakeClasses/Table.h"; sourceTree = "<group>"; };
		331888D71E2E1E3D00BD3B15 /* Table.m */ = {isa = PBXFileReference; fileEncoding = 4; lastKnownFileType = sourcecode.c.objc; name = Table.m; path = "170117-MakeClasses/Table.m"; sourceTree = "<group>"; };
		331888D91E2E1E4400BD3B15 /* Tv.h */ = {isa = PBXFileReference; fileEncoding = 4; lastKnownFileType = sourcecode.c.h; name = Tv.h; path = "170117-MakeClasses/Tv.h"; sourceTree = "<group>"; };
		331888DA1E2E1E4400BD3B15 /* Tv.m */ = {isa = PBXFileReference; fileEncoding = 4; lastKnownFileType = sourcecode.c.objc; name = Tv.m; path = "170117-MakeClasses/Tv.m"; sourceTree = "<group>"; };
/* End PBXFileReference section */

/* Begin PBXFrameworksBuildPhase section */
		331888BD1E2E1C4600BD3B15 /* Frameworks */ = {
			isa = PBXFrameworksBuildPhase;
			buildActionMask = 2147483647;
			files = (
			);
			runOnlyForDeploymentPostprocessing = 0;
		};
/* End PBXFrameworksBuildPhase section */

/* Begin PBXGroup section */
		331888B71E2E1C4600BD3B15 = {
			isa = PBXGroup;
			children = (
				331888C21E2E1C4600BD3B15 /* 170117-MakeClasses */,
				331888C11E2E1C4600BD3B15 /* Products */,
			);
			sourceTree = "<group>";
		};
		331888C11E2E1C4600BD3B15 /* Products */ = {
			isa = PBXGroup;
			children = (
				331888C01E2E1C4600BD3B15 /* 170117-MakeClasses */,
			);
			name = Products;
			sourceTree = "<group>";
		};
		331888C21E2E1C4600BD3B15 /* 170117-MakeClasses */ = {
			isa = PBXGroup;
			children = (
				331888C31E2E1C4600BD3B15 /* main.m */,
				331888CA1E2E1CA300BD3B15 /* Clock.h */,
				331888CB1E2E1CA300BD3B15 /* Clock.m */,
				331888CD1E2E1CAB00BD3B15 /* Person.h */,
				331888CE1E2E1CAB00BD3B15 /* Person.m */,
				331888D01E2E1E3000BD3B15 /* Pod.h */,
				331888D11E2E1E3000BD3B15 /* Pod.m */,
				331888D31E2E1E3700BD3B15 /* Sofa.h */,
				331888D41E2E1E3700BD3B15 /* Sofa.m */,
				331888D61E2E1E3D00BD3B15 /* Table.h */,
				331888D71E2E1E3D00BD3B15 /* Table.m */,
				331888D91E2E1E4400BD3B15 /* Tv.h */,
				331888DA1E2E1E4400BD3B15 /* Tv.m */,
			);
			name = "170117-MakeClasses";
			path = "170117-1";
			sourceTree = "<group>";
		};
/* End PBXGroup section */

/* Begin PBXNativeTarget section */
		331888BF1E2E1C4600BD3B15 /* 170117-MakeClasses */ = {
			isa = PBXNativeTarget;
			buildConfigurationList = 331888C71E2E1C4600BD3B15 /* Build configuration list for PBXNativeTarget "170117-MakeClasses" */;
			buildPhases = (
				331888BC1E2E1C4600BD3B15 /* Sources */,
				331888BD1E2E1C4600BD3B15 /* Frameworks */,
				331888BE1E2E1C4600BD3B15 /* CopyFiles */,
			);
			buildRules = (
			);
			dependencies = (
			);
			name = "170117-MakeClasses";
			productName = "170117-1";
			productReference = 331888C01E2E1C4600BD3B15 /* 170117-MakeClasses */;
			productType = "com.apple.product-type.tool";
		};
/* End PBXNativeTarget section */

/* Begin PBXProject section */
		331888B81E2E1C4600BD3B15 /* Project object */ = {
			isa = PBXProject;
			attributes = {
				LastUpgradeCheck = 0820;
				ORGANIZATIONNAME = noName;
				TargetAttributes = {
					331888BF1E2E1C4600BD3B15 = {
						CreatedOnToolsVersion = 8.2.1;
						ProvisioningStyle = Automatic;
					};
				};
			};
			buildConfigurationList = 331888BB1E2E1C4600BD3B15 /* Build configuration list for PBXProject "170117-MakeClasses" */;
			compatibilityVersion = "Xcode 3.2";
			developmentRegion = English;
			hasScannedForEncodings = 0;
			knownRegions = (
				en,
			);
			mainGroup = 331888B71E2E1C4600BD3B15;
			productRefGroup = 331888C11E2E1C4600BD3B15 /* Products */;
			projectDirPath = "";
			projectRoot = "";
			targets = (
				331888BF1E2E1C4600BD3B15 /* 170117-MakeClasses */,
			);
		};
/* End PBXProject section */

/* Begin PBXSourcesBuildPhase section */
		331888BC1E2E1C4600BD3B15 /* Sources */ = {
			isa = PBXSourcesBuildPhase;
			buildActionMask = 2147483647;
			files = (
				331888D81E2E1E3D00BD3B15 /* Table.m in Sources */,
				331888DB1E2E1E4400BD3B15 /* Tv.m in Sources */,
				331888D51E2E1E3700BD3B15 /* Sofa.m in Sources */,
				331888CF1E2E1CAB00BD3B15 /* Person.m in Sources */,
				331888CC1E2E1CA300BD3B15 /* Clock.m in Sources */,
				331888C41E2E1C4600BD3B15 /* main.m in Sources */,
				331888D21E2E1E3000BD3B15 /* Pod.m in Sources */,
			);
			runOnlyForDeploymentPostprocessing = 0;
		};
/* End PBXSourcesBuildPhase section */

/* Begin XCBuildConfiguration section */
		331888C51E2E1C4600BD3B15 /* Debug */ = {
			isa = XCBuildConfiguration;
			buildSettings = {
				ALWAYS_SEARCH_USER_PATHS = NO;
				CLANG_ANALYZER_NONNULL = YES;
				CLANG_CXX_LANGUAGE_STANDARD = "gnu++0x";
				CLANG_CXX_LIBRARY = "libc++";
				CLANG_ENABLE_MODULES = YES;
				CLANG_ENABLE_OBJC_ARC = YES;
				CLANG_WARN_BOOL_CONVERSION = YES;
				CLANG_WARN_CONSTANT_CONVERSION = YES;
				CLANG_WARN_DIRECT_OBJC_ISA_USAGE = YES_ERROR;
				CLANG_WARN_DOCUMENTATION_COMMENTS = YES;
				CLANG_WARN_EMPTY_BODY = YES;
				CLANG_WARN_ENUM_CONVERSION = YES;
				CLANG_WARN_INFINITE_RECURSION = YES;
				CLANG_WARN_INT_CONVERSION = YES;
				CLANG_WARN_OBJC_ROOT_CLASS = YES_ERROR;
				CLANG_WARN_SUSPICIOUS_MOVE = YES;
				CLANG_WARN_UNREACHABLE_CODE = YES;
				CLANG_WARN__DUPLICATE_METHOD_MATCH = YES;
				CODE_SIGN_IDENTITY = "-";
				COPY_PHASE_STRIP = NO;
				DEBUG_INFORMATION_FORMAT = dwarf;
				ENABLE_STRICT_OBJC_MSGSEND = YES;
				ENABLE_TESTABILITY = YES;
				GCC_C_LANGUAGE_STANDARD = gnu99;
				GCC_DYNAMIC_NO_PIC = NO;
				GCC_NO_COMMON_BLOCKS = YES;
				GCC_OPTIMIZATION_LEVEL = 0;
				GCC_PREPROCESSOR_DEFINITIONS = (
					"DEBUG=1",
					"$(inherited)",
				);
				GCC_WARN_64_TO_32_BIT_CONVERSION = YES;
				GCC_WARN_ABOUT_RETURN_TYPE = YES_ERROR;
				GCC_WARN_UNDECLARED_SELECTOR = YES;
				GCC_WARN_UNINITIALIZED_AUTOS = YES_AGGRESSIVE;
				GCC_WARN_UNUSED_FUNCTION = YES;
				GCC_WARN_UNUSED_VARIABLE = YES;
				MACOSX_DEPLOYMENT_TARGET = 10.12;
				MTL_ENABLE_DEBUG_INFO = YES;
				ONLY_ACTIVE_ARCH = YES;
				SDKROOT = macosx;
			};
			name = Debug;
		};
		331888C61E2E1C4600BD3B15 /* Release */ = {
			isa = XCBuildConfiguration;
			buildSettings = {
				ALWAYS_SEARCH_USER_PATHS = NO;
				CLANG_ANALYZER_NONNULL = YES;
				CLANG_CXX_LANGUAGE_STANDARD = "gnu++0x";
				CLANG_CXX_LIBRARY = "libc++";
				CLANG_ENABLE_MODULES = YES;
				CLANG_ENABLE_OBJC_ARC = YES;
				CLANG_WARN_BOOL_CONVERSION = YES;
				CLANG_WARN_CONSTANT_CONVERSION = YES;
				CLANG_WARN_DIRECT_OBJC_ISA_USAGE = YES_ERROR;
				CLANG_WARN_DOCUMENTATION_COMMENTS = YES;
				CLANG_WARN_EMPTY_BODY = YES;
				CLANG_WARN_ENUM_CONVERSION = YES;
				CLANG_WARN_INFINITE_RECURSION = YES;
				CLANG_WARN_INT_CONVERSION = YES;
				CLANG_WARN_OBJC_ROOT_CLASS = YES_ERROR;
				CLANG_WARN_SUSPICIOUS_MOVE = YES;
				CLANG_WARN_UNREACHABLE_CODE = YES;
				CLANG_WARN__DUPLICATE_METHOD_MATCH = YES;
				CODE_SIGN_IDENTITY = "-";
				COPY_PHASE_STRIP = NO;
				DEBUG_INFORMATION_FORMAT = "dwarf-with-dsym";
				ENABLE_NS_ASSERTIONS = NO;
				ENABLE_STRICT_OBJC_MSGSEND = YES;
				GCC_C_LANGUAGE_STANDARD = gnu99;
				GCC_NO_COMMON_BLOCKS = YES;
				GCC_WARN_64_TO_32_BIT_CONVERSION = YES;
				GCC_WARN_ABOUT_RETURN_TYPE = YES_ERROR;
				GCC_WARN_UNDECLARED_SELECTOR = YES;
				GCC_WARN_UNINITIALIZED_AUTOS = YES_AGGRESSIVE;
				GCC_WARN_UNUSED_FUNCTION = YES;
				GCC_WARN_UNUSED_VARIABLE = YES;
				MACOSX_DEPLOYMENT_TARGET = 10.12;
				MTL_ENABLE_DEBUG_INFO = NO;
				SDKROOT = macosx;
			};
			name = Release;
		};
		331888C81E2E1C4600BD3B15 /* Debug */ = {
			isa = XCBuildConfiguration;
			buildSettings = {
				PRODUCT_NAME = "$(TARGET_NAME)";
			};
			name = Debug;
		};
		331888C91E2E1C4600BD3B15 /* Release */ = {
			isa = XCBuildConfiguration;
			buildSettings = {
				PRODUCT_NAME = "$(TARGET_NAME)";
			};
			name = Release;
		};
/* End XCBuildConfiguration section */

/* Begin XCConfigurationList section */
		331888BB1E2E1C4600BD3B15 /* Build configuration list for PBXProject "170117-MakeClasses" */ = {
			isa = XCConfigurationList;
			buildConfigurations = (
				331888C51E2E1C4600BD3B15 /* Debug */,
				331888C61E2E1C4600BD3B15 /* Release */,
			);
			defaultConfigurationIsVisible = 0;
			defaultConfigurationName = Release;
		};
		331888C71E2E1C4600BD3B15 /* Build configuration list for PBXNativeTarget "170117-MakeClasses" */ = {
			isa = XCConfigurationList;
			buildConfigurations = (
				331888C81E2E1C4600BD3B15 /* Debug */,
				331888C91E2E1C4600BD3B15 /* Release */,
			);
			defaultConfigurationIsVisible = 0;
			defaultConfigurationName = Release;
		};
/* End XCConfigurationList section */
	};
	rootObject = 331888B81E2E1C4600BD3B15 /* Project object */;
}
